{
  "name": "cdk-common",
  "version": "1.0.0",
  "lockfileVersion": 2,
  "requires": true,
  "packages": {
    "": {
      "name": "cdk-common",
      "version": "1.0.0",
      "license": "MIT",
      "dependencies": {
        "@aws-cdk/aws-ec2": "^1.117.0",
        "@aws-cdk/aws-iam": "^1.117.0",
        "ip": "^1.1.5"
      },
      "devDependencies": {
        "@types/node": "^16.4.13",
        "typescript": "^4.3.5"
      }
    },
    "node_modules/@aws-cdk/assets": {
      "version": "1.117.0",
      "resolved": "https://registry.npmjs.org/@aws-cdk/assets/-/assets-1.117.0.tgz",
      "integrity": "sha512-3Oo/h//to6gxYaQwBE0VRyJsZ4r0ilTR4uIAFoy975M2ZuFjv8PUpM1QLYaWIrX6P/scqePPTkw26E2Rqt/I4g==",
      "dependencies": {
        "@aws-cdk/core": "1.117.0",
        "@aws-cdk/cx-api": "1.117.0",
        "constructs": "^3.3.69"
      },
      "engines": {
        "node": ">= 10.13.0 <13 || >=13.7.0"
      },
      "peerDependencies": {
        "@aws-cdk/core": "1.117.0",
        "@aws-cdk/cx-api": "1.117.0",
        "constructs": "^3.3.69"
      }
    },
    "node_modules/@aws-cdk/aws-cloudwatch": {
      "version": "1.117.0",
      "resolved": "https://registry.npmjs.org/@aws-cdk/aws-cloudwatch/-/aws-cloudwatch-1.117.0.tgz",
      "integrity": "sha512-nlG2D70rK9FZVBYXVPuD28S+ji6fjv/oNQn3YWX+GXl1uHbrVgb/YmcX7pidcK5rJReNOtjHnDewYY6fN5YDuA==",
      "dependencies": {
        "@aws-cdk/aws-iam": "1.117.0",
        "@aws-cdk/core": "1.117.0",
        "constructs": "^3.3.69"
      },
      "engines": {
        "node": ">= 10.13.0 <13 || >=13.7.0"
      },
      "peerDependencies": {
        "@aws-cdk/aws-iam": "1.117.0",
        "@aws-cdk/core": "1.117.0",
        "constructs": "^3.3.69"
      }
    },
    "node_modules/@aws-cdk/aws-ec2": {
      "version": "1.117.0",
      "resolved": "https://registry.npmjs.org/@aws-cdk/aws-ec2/-/aws-ec2-1.117.0.tgz",
      "integrity": "sha512-qxWzHL73UmRCsZm4ke0nvMwxhG88cu5yPl/ChzsKpZICVYKe5eSrKzq5riI0/8fwkh8Wz0ZBy0bOj5dV5RtwzQ==",
      "dependencies": {
        "@aws-cdk/aws-cloudwatch": "1.117.0",
        "@aws-cdk/aws-iam": "1.117.0",
        "@aws-cdk/aws-kms": "1.117.0",
        "@aws-cdk/aws-logs": "1.117.0",
        "@aws-cdk/aws-s3": "1.117.0",
        "@aws-cdk/aws-s3-assets": "1.117.0",
        "@aws-cdk/aws-ssm": "1.117.0",
        "@aws-cdk/cloud-assembly-schema": "1.117.0",
        "@aws-cdk/core": "1.117.0",
        "@aws-cdk/cx-api": "1.117.0",
        "@aws-cdk/region-info": "1.117.0",
        "constructs": "^3.3.69"
      },
      "engines": {
        "node": ">= 10.13.0 <13 || >=13.7.0"
      },
      "peerDependencies": {
        "@aws-cdk/aws-cloudwatch": "1.117.0",
        "@aws-cdk/aws-iam": "1.117.0",
        "@aws-cdk/aws-kms": "1.117.0",
        "@aws-cdk/aws-logs": "1.117.0",
        "@aws-cdk/aws-s3": "1.117.0",
        "@aws-cdk/aws-s3-assets": "1.117.0",
        "@aws-cdk/aws-ssm": "1.117.0",
        "@aws-cdk/cloud-assembly-schema": "1.117.0",
        "@aws-cdk/core": "1.117.0",
        "@aws-cdk/cx-api": "1.117.0",
        "@aws-cdk/region-info": "1.117.0",
        "constructs": "^3.3.69"
      }
    },
    "node_modules/@aws-cdk/aws-events": {
      "version": "1.117.0",
      "resolved": "https://registry.npmjs.org/@aws-cdk/aws-events/-/aws-events-1.117.0.tgz",
      "integrity": "sha512-VFHp0D2A/gMrkQSZieXfXWwGn3GJa3+53EiuDN8OOPQCPkFcsiwzKekeWjzbILX2m4Djqtjz041FzFicOJ95Fw==",
      "dependencies": {
        "@aws-cdk/aws-iam": "1.117.0",
        "@aws-cdk/core": "1.117.0",
        "constructs": "^3.3.69"
      },
      "engines": {
        "node": ">= 10.13.0 <13 || >=13.7.0"
      },
      "peerDependencies": {
        "@aws-cdk/aws-iam": "1.117.0",
        "@aws-cdk/core": "1.117.0",
        "constructs": "^3.3.69"
      }
    },
    "node_modules/@aws-cdk/aws-iam": {
      "version": "1.117.0",
      "resolved": "https://registry.npmjs.org/@aws-cdk/aws-iam/-/aws-iam-1.117.0.tgz",
      "integrity": "sha512-vBZraqTxTvLl2aqZg4oS4R3nOntalZ/zDQSsWnib8py7On5bJiKBSlY3pnbbtp+A3Ox2ovnGJK9EwEghOe0HFA==",
      "dependencies": {
        "@aws-cdk/core": "1.117.0",
        "@aws-cdk/region-info": "1.117.0",
        "constructs": "^3.3.69"
      },
      "engines": {
        "node": ">= 10.13.0 <13 || >=13.7.0"
      },
      "peerDependencies": {
        "@aws-cdk/core": "1.117.0",
        "@aws-cdk/region-info": "1.117.0",
        "constructs": "^3.3.69"
      }
    },
    "node_modules/@aws-cdk/aws-kms": {
      "version": "1.117.0",
      "resolved": "https://registry.npmjs.org/@aws-cdk/aws-kms/-/aws-kms-1.117.0.tgz",
      "integrity": "sha512-96XDckO+/XEajvVLlxJVU2e3TKJwOoqVJ3F+mv+ndxI8oKZltZrm9BOWJQkQsEx/AKaYBmhQKsj3Alm4uXBIcQ==",
      "dependencies": {
        "@aws-cdk/aws-iam": "1.117.0",
        "@aws-cdk/core": "1.117.0",
        "@aws-cdk/cx-api": "1.117.0",
        "constructs": "^3.3.69"
      },
      "engines": {
        "node": ">= 10.13.0 <13 || >=13.7.0"
      },
      "peerDependencies": {
        "@aws-cdk/aws-iam": "1.117.0",
        "@aws-cdk/core": "1.117.0",
        "@aws-cdk/cx-api": "1.117.0",
        "constructs": "^3.3.69"
      }
    },
    "node_modules/@aws-cdk/aws-logs": {
      "version": "1.117.0",
      "resolved": "https://registry.npmjs.org/@aws-cdk/aws-logs/-/aws-logs-1.117.0.tgz",
      "integrity": "sha512-j0mU1HVE1mbHhF2eanbBp/+jbukg2W3JhZZNG5qzCBcsoKUpe5Yr6GAzuPhOw6I1a98wZBYjvxn5LfSfWL0edQ==",
      "dependencies": {
        "@aws-cdk/aws-cloudwatch": "1.117.0",
        "@aws-cdk/aws-iam": "1.117.0",
        "@aws-cdk/aws-kms": "1.117.0",
        "@aws-cdk/aws-s3-assets": "1.117.0",
        "@aws-cdk/core": "1.117.0",
        "constructs": "^3.3.69"
      },
      "engines": {
        "node": ">= 10.13.0 <13 || >=13.7.0"
      },
      "peerDependencies": {
        "@aws-cdk/aws-cloudwatch": "1.117.0",
        "@aws-cdk/aws-iam": "1.117.0",
        "@aws-cdk/aws-kms": "1.117.0",
        "@aws-cdk/aws-s3-assets": "1.117.0",
        "@aws-cdk/core": "1.117.0",
        "constructs": "^3.3.69"
      }
    },
    "node_modules/@aws-cdk/aws-s3": {
      "version": "1.117.0",
      "resolved": "https://registry.npmjs.org/@aws-cdk/aws-s3/-/aws-s3-1.117.0.tgz",
      "integrity": "sha512-3EzAjhZpufrKvJKWq4WZin5KFGzwhjEmMmOcVbX1M33OcLqj8e4tDBUlP68fDekPpLdCeq5ZGLmNi2qz2S7J9A==",
      "dependencies": {
        "@aws-cdk/aws-events": "1.117.0",
        "@aws-cdk/aws-iam": "1.117.0",
        "@aws-cdk/aws-kms": "1.117.0",
        "@aws-cdk/core": "1.117.0",
        "@aws-cdk/cx-api": "1.117.0",
        "constructs": "^3.3.69"
      },
      "engines": {
        "node": ">= 10.13.0 <13 || >=13.7.0"
      },
      "peerDependencies": {
        "@aws-cdk/aws-events": "1.117.0",
        "@aws-cdk/aws-iam": "1.117.0",
        "@aws-cdk/aws-kms": "1.117.0",
        "@aws-cdk/core": "1.117.0",
        "@aws-cdk/cx-api": "1.117.0",
        "constructs": "^3.3.69"
      }
    },
    "node_modules/@aws-cdk/aws-s3-assets": {
      "version": "1.117.0",
      "resolved": "https://registry.npmjs.org/@aws-cdk/aws-s3-assets/-/aws-s3-assets-1.117.0.tgz",
      "integrity": "sha512-jXRFal+M/Pp1lgQHdPHaUTsZP5GqaQw6cG9NR3syThnX+q2ntrTLgt2HYxrTCrpWIMzrb1wQt/HFzKGt/fv/Tw==",
      "dependencies": {
        "@aws-cdk/assets": "1.117.0",
        "@aws-cdk/aws-iam": "1.117.0",
        "@aws-cdk/aws-kms": "1.117.0",
        "@aws-cdk/aws-s3": "1.117.0",
        "@aws-cdk/core": "1.117.0",
        "@aws-cdk/cx-api": "1.117.0",
        "constructs": "^3.3.69"
      },
      "engines": {
        "node": ">= 10.13.0 <13 || >=13.7.0"
      },
      "peerDependencies": {
        "@aws-cdk/assets": "1.117.0",
        "@aws-cdk/aws-iam": "1.117.0",
        "@aws-cdk/aws-kms": "1.117.0",
        "@aws-cdk/aws-s3": "1.117.0",
        "@aws-cdk/core": "1.117.0",
        "@aws-cdk/cx-api": "1.117.0",
        "constructs": "^3.3.69"
      }
    },
    "node_modules/@aws-cdk/aws-ssm": {
      "version": "1.117.0",
      "resolved": "https://registry.npmjs.org/@aws-cdk/aws-ssm/-/aws-ssm-1.117.0.tgz",
      "integrity": "sha512-oCUj+pBuLadFGDyDnGFJtcoB3bVYm2tLV2FBKH4qzdOlkhS+VkOkU55nYHhZHb7Kty2/p7A4mUmsG74Sikcg1Q==",
      "dependencies": {
        "@aws-cdk/aws-iam": "1.117.0",
        "@aws-cdk/aws-kms": "1.117.0",
        "@aws-cdk/cloud-assembly-schema": "1.117.0",
        "@aws-cdk/core": "1.117.0",
        "constructs": "^3.3.69"
      },
      "engines": {
        "node": ">= 10.13.0 <13 || >=13.7.0"
      },
      "peerDependencies": {
        "@aws-cdk/aws-iam": "1.117.0",
        "@aws-cdk/aws-kms": "1.117.0",
        "@aws-cdk/cloud-assembly-schema": "1.117.0",
        "@aws-cdk/core": "1.117.0",
        "constructs": "^3.3.69"
      }
    },
    "node_modules/@aws-cdk/cloud-assembly-schema": {
      "version": "1.117.0",
      "resolved": "https://registry.npmjs.org/@aws-cdk/cloud-assembly-schema/-/cloud-assembly-schema-1.117.0.tgz",
      "integrity": "sha512-Dj+R9FEjWu8ha/ZCVMWYrNNBbpp2dV0fhh2WOyo+OF99BJqiGtZLMye7T646Tj2EGzZBf0SGetB9nANpS+aE9A==",
      "bundleDependencies": [
        "jsonschema",
        "semver"
      ],
      "dependencies": {
        "jsonschema": "^1.4.0",
        "semver": "^7.3.5"
      },
      "engines": {
        "node": ">= 10.13.0 <13 || >=13.7.0"
      }
    },
    "node_modules/@aws-cdk/cloud-assembly-schema/node_modules/jsonschema": {
      "version": "1.4.0",
      "inBundle": true,
      "license": "MIT",
      "engines": {
        "node": "*"
      }
    },
    "node_modules/@aws-cdk/cloud-assembly-schema/node_modules/lru-cache": {
      "version": "6.0.0",
      "inBundle": true,
      "license": "ISC",
      "dependencies": {
        "yallist": "^4.0.0"
      },
      "engines": {
        "node": ">=10"
      }
    },
    "node_modules/@aws-cdk/cloud-assembly-schema/node_modules/semver": {
      "version": "7.3.5",
      "inBundle": true,
      "license": "ISC",
      "dependencies": {
        "lru-cache": "^6.0.0"
      },
      "bin": {
        "semver": "bin/semver.js"
      },
      "engines": {
        "node": ">=10"
      }
    },
    "node_modules/@aws-cdk/cloud-assembly-schema/node_modules/yallist": {
      "version": "4.0.0",
      "inBundle": true,
      "license": "ISC"
    },
    "node_modules/@aws-cdk/core": {
      "version": "1.117.0",
      "resolved": "https://registry.npmjs.org/@aws-cdk/core/-/core-1.117.0.tgz",
      "integrity": "sha512-xGtiy+v4Q1Zbm6Szdh9c70HtilW0ukwBZtJEx2o13HogYOXJTdoEviC0gLskYf2ENoLc8Nqkttd4Bq6IxskeJw==",
      "bundleDependencies": [
        "fs-extra",
        "minimatch",
        "@balena/dockerignore",
        "ignore"
      ],
      "dependencies": {
        "@aws-cdk/cloud-assembly-schema": "1.117.0",
        "@aws-cdk/cx-api": "1.117.0",
        "@aws-cdk/region-info": "1.117.0",
        "@balena/dockerignore": "^1.0.2",
        "constructs": "^3.3.69",
        "fs-extra": "^9.1.0",
        "ignore": "^5.1.8",
        "minimatch": "^3.0.4"
      },
      "engines": {
        "node": ">= 10.13.0 <13 || >=13.7.0"
      },
      "peerDependencies": {
        "@aws-cdk/cloud-assembly-schema": "1.117.0",
        "@aws-cdk/cx-api": "1.117.0",
        "@aws-cdk/region-info": "1.117.0",
        "constructs": "^3.3.69"
      }
    },
    "node_modules/@aws-cdk/core/node_modules/@balena/dockerignore": {
      "version": "1.0.2",
      "inBundle": true,
      "license": "Apache-2.0"
    },
    "node_modules/@aws-cdk/core/node_modules/at-least-node": {
      "version": "1.0.0",
      "inBundle": true,
      "license": "ISC",
      "engines": {
        "node": ">= 4.0.0"
      }
    },
    "node_modules/@aws-cdk/core/node_modules/balanced-match": {
      "version": "1.0.2",
      "inBundle": true,
      "license": "MIT"
    },
    "node_modules/@aws-cdk/core/node_modules/brace-expansion": {
      "version": "1.1.11",
      "inBundle": true,
      "license": "MIT",
      "dependencies": {
        "balanced-match": "^1.0.0",
        "concat-map": "0.0.1"
      }
    },
    "node_modules/@aws-cdk/core/node_modules/concat-map": {
      "version": "0.0.1",
      "inBundle": true,
      "license": "MIT"
    },
    "node_modules/@aws-cdk/core/node_modules/fs-extra": {
      "version": "9.1.0",
      "inBundle": true,
      "license": "MIT",
      "dependencies": {
        "at-least-node": "^1.0.0",
        "graceful-fs": "^4.2.0",
        "jsonfile": "^6.0.1",
        "universalify": "^2.0.0"
      },
      "engines": {
        "node": ">=10"
      }
    },
    "node_modules/@aws-cdk/core/node_modules/graceful-fs": {
      "version": "4.2.6",
      "inBundle": true,
      "license": "ISC"
    },
    "node_modules/@aws-cdk/core/node_modules/ignore": {
      "version": "5.1.8",
      "inBundle": true,
      "license": "MIT",
      "engines": {
        "node": ">= 4"
      }
    },
    "node_modules/@aws-cdk/core/node_modules/jsonfile": {
      "version": "6.1.0",
      "inBundle": true,
      "license": "MIT",
      "dependencies": {
        "universalify": "^2.0.0"
      },
      "optionalDependencies": {
        "graceful-fs": "^4.1.6"
      }
    },
    "node_modules/@aws-cdk/core/node_modules/minimatch": {
      "version": "3.0.4",
      "inBundle": true,
      "license": "ISC",
      "dependencies": {
        "brace-expansion": "^1.1.7"
      },
      "engines": {
        "node": "*"
      }
    },
    "node_modules/@aws-cdk/core/node_modules/universalify": {
      "version": "2.0.0",
      "inBundle": true,
      "license": "MIT",
      "engines": {
        "node": ">= 10.0.0"
      }
    },
    "node_modules/@aws-cdk/cx-api": {
      "version": "1.117.0",
      "resolved": "https://registry.npmjs.org/@aws-cdk/cx-api/-/cx-api-1.117.0.tgz",
      "integrity": "sha512-HsqZdyGhNZjhjp9+02xVAXz9omuEQOUSUzuK+mJGlJTykYXcwls86g240Aa/xmGps3ifPYY1Ezf53rL6T01DiQ==",
      "bundleDependencies": [
        "semver"
      ],
      "dependencies": {
        "@aws-cdk/cloud-assembly-schema": "1.117.0",
        "semver": "^7.3.5"
      },
      "engines": {
        "node": ">= 10.13.0 <13 || >=13.7.0"
      },
      "peerDependencies": {
        "@aws-cdk/cloud-assembly-schema": "1.117.0"
      }
    },
    "node_modules/@aws-cdk/cx-api/node_modules/lru-cache": {
      "version": "6.0.0",
      "inBundle": true,
      "license": "ISC",
      "dependencies": {
        "yallist": "^4.0.0"
      },
      "engines": {
        "node": ">=10"
      }
    },
    "node_modules/@aws-cdk/cx-api/node_modules/semver": {
      "version": "7.3.5",
      "inBundle": true,
      "license": "ISC",
      "dependencies": {
        "lru-cache": "^6.0.0"
      },
      "bin": {
        "semver": "bin/semver.js"
      },
      "engines": {
        "node": ">=10"
      }
    },
    "node_modules/@aws-cdk/cx-api/node_modules/yallist": {
      "version": "4.0.0",
      "inBundle": true,
      "license": "ISC"
    },
    "node_modules/@aws-cdk/region-info": {
      "version": "1.117.0",
      "resolved": "https://registry.npmjs.org/@aws-cdk/region-info/-/region-info-1.117.0.tgz",
      "integrity": "sha512-wJATAS0xrrV7PFh4sbmK7Gox+TgQJRP1dCSPs3FOsbzasWWAHySIEXyTFAJIcrolBPcYqc5HJAJ/RDJl7h9Wmg==",
      "engines": {
        "node": ">= 10.13.0 <13 || >=13.7.0"
      }
    },
    "node_modules/@types/node": {
      "version": "16.4.13",
      "resolved": "https://registry.npmjs.org/@types/node/-/node-16.4.13.tgz",
      "integrity": "sha512-bLL69sKtd25w7p1nvg9pigE4gtKVpGTPojBFLMkGHXuUgap2sLqQt2qUnqmVCDfzGUL0DRNZP+1prIZJbMeAXg==",
      "dev": true
    },
    "node_modules/constructs": {
      "version": "3.3.117",
      "resolved": "https://registry.npmjs.org/constructs/-/constructs-3.3.117.tgz",
      "integrity": "sha512-y5PVROPr7XFlz2/ZAXNHhkb8Y7HzJs4kBrUcjI5B5tbQz/YXsOmZV73AGRYDiUvMstqvpq+UOVBhL3zoA9vg7Q==",
      "engines": {
        "node": ">= 10.17.0"
      }
    },
    "node_modules/ip": {
      "version": "1.1.5",
      "resolved": "https://registry.npmjs.org/ip/-/ip-1.1.5.tgz",
      "integrity": "sha1-vd7XARQpCCjAoDnnLvJfWq7ENUo="
    },
    "node_modules/typescript": {
      "version": "4.3.5",
      "resolved": "https://registry.npmjs.org/typescript/-/typescript-4.3.5.tgz",
      "integrity": "sha512-DqQgihaQ9cUrskJo9kIyW/+g0Vxsk8cDtZ52a3NGh0YNTfpUSArXSohyUGnvbPazEPLu398C0UxmKSOrPumUzA==",
      "dev": true,
      "bin": {
        "tsc": "bin/tsc",
        "tsserver": "bin/tsserver"
      },
      "engines": {
        "node": ">=4.2.0"
      }
    }
  },
  "dependencies": {
    "@aws-cdk/assets": {
      "version": "1.117.0",
      "resolved": "https://registry.npmjs.org/@aws-cdk/assets/-/assets-1.117.0.tgz",
      "integrity": "sha512-3Oo/h//to6gxYaQwBE0VRyJsZ4r0ilTR4uIAFoy975M2ZuFjv8PUpM1QLYaWIrX6P/scqePPTkw26E2Rqt/I4g==",
      "requires": {
        "@aws-cdk/core": "1.117.0",
        "@aws-cdk/cx-api": "1.117.0",
        "constructs": "^3.3.69"
      }
    },
    "@aws-cdk/aws-cloudwatch": {
      "version": "1.117.0",
      "resolved": "https://registry.npmjs.org/@aws-cdk/aws-cloudwatch/-/aws-cloudwatch-1.117.0.tgz",
      "integrity": "sha512-nlG2D70rK9FZVBYXVPuD28S+ji6fjv/oNQn3YWX+GXl1uHbrVgb/YmcX7pidcK5rJReNOtjHnDewYY6fN5YDuA==",
      "requires": {
        "@aws-cdk/aws-iam": "1.117.0",
        "@aws-cdk/core": "1.117.0",
        "constructs": "^3.3.69"
      }
    },
    "@aws-cdk/aws-ec2": {
      "version": "1.117.0",
      "resolved": "https://registry.npmjs.org/@aws-cdk/aws-ec2/-/aws-ec2-1.117.0.tgz",
      "integrity": "sha512-qxWzHL73UmRCsZm4ke0nvMwxhG88cu5yPl/ChzsKpZICVYKe5eSrKzq5riI0/8fwkh8Wz0ZBy0bOj5dV5RtwzQ==",
      "requires": {
        "@aws-cdk/aws-cloudwatch": "1.117.0",
        "@aws-cdk/aws-iam": "1.117.0",
        "@aws-cdk/aws-kms": "1.117.0",
        "@aws-cdk/aws-logs": "1.117.0",
        "@aws-cdk/aws-s3": "1.117.0",
        "@aws-cdk/aws-s3-assets": "1.117.0",
        "@aws-cdk/aws-ssm": "1.117.0",
        "@aws-cdk/cloud-assembly-schema": "1.117.0",
        "@aws-cdk/core": "1.117.0",
        "@aws-cdk/cx-api": "1.117.0",
        "@aws-cdk/region-info": "1.117.0",
        "constructs": "^3.3.69"
      }
    },
    "@aws-cdk/aws-events": {
      "version": "1.117.0",
      "resolved": "https://registry.npmjs.org/@aws-cdk/aws-events/-/aws-events-1.117.0.tgz",
      "integrity": "sha512-VFHp0D2A/gMrkQSZieXfXWwGn3GJa3+53EiuDN8OOPQCPkFcsiwzKekeWjzbILX2m4Djqtjz041FzFicOJ95Fw==",
      "requires": {
        "@aws-cdk/aws-iam": "1.117.0",
        "@aws-cdk/core": "1.117.0",
        "constructs": "^3.3.69"
      }
    },
    "@aws-cdk/aws-iam": {
      "version": "1.117.0",
      "resolved": "https://registry.npmjs.org/@aws-cdk/aws-iam/-/aws-iam-1.117.0.tgz",
      "integrity": "sha512-vBZraqTxTvLl2aqZg4oS4R3nOntalZ/zDQSsWnib8py7On5bJiKBSlY3pnbbtp+A3Ox2ovnGJK9EwEghOe0HFA==",
      "requires": {
        "@aws-cdk/core": "1.117.0",
        "@aws-cdk/region-info": "1.117.0",
        "constructs": "^3.3.69"
      }
    },
    "@aws-cdk/aws-kms": {
      "version": "1.117.0",
      "resolved": "https://registry.npmjs.org/@aws-cdk/aws-kms/-/aws-kms-1.117.0.tgz",
      "integrity": "sha512-96XDckO+/XEajvVLlxJVU2e3TKJwOoqVJ3F+mv+ndxI8oKZltZrm9BOWJQkQsEx/AKaYBmhQKsj3Alm4uXBIcQ==",
      "requires": {
        "@aws-cdk/aws-iam": "1.117.0",
        "@aws-cdk/core": "1.117.0",
        "@aws-cdk/cx-api": "1.117.0",
        "constructs": "^3.3.69"
      }
    },
    "@aws-cdk/aws-logs": {
      "version": "1.117.0",
      "resolved": "https://registry.npmjs.org/@aws-cdk/aws-logs/-/aws-logs-1.117.0.tgz",
      "integrity": "sha512-j0mU1HVE1mbHhF2eanbBp/+jbukg2W3JhZZNG5qzCBcsoKUpe5Yr6GAzuPhOw6I1a98wZBYjvxn5LfSfWL0edQ==",
      "requires": {
        "@aws-cdk/aws-cloudwatch": "1.117.0",
        "@aws-cdk/aws-iam": "1.117.0",
        "@aws-cdk/aws-kms": "1.117.0",
        "@aws-cdk/aws-s3-assets": "1.117.0",
        "@aws-cdk/core": "1.117.0",
        "constructs": "^3.3.69"
      }
    },
    "@aws-cdk/aws-s3": {
      "version": "1.117.0",
      "resolved": "https://registry.npmjs.org/@aws-cdk/aws-s3/-/aws-s3-1.117.0.tgz",
      "integrity": "sha512-3EzAjhZpufrKvJKWq4WZin5KFGzwhjEmMmOcVbX1M33OcLqj8e4tDBUlP68fDekPpLdCeq5ZGLmNi2qz2S7J9A==",
      "requires": {
        "@aws-cdk/aws-events": "1.117.0",
        "@aws-cdk/aws-iam": "1.117.0",
        "@aws-cdk/aws-kms": "1.117.0",
        "@aws-cdk/core": "1.117.0",
        "@aws-cdk/cx-api": "1.117.0",
        "constructs": "^3.3.69"
      }
    },
    "@aws-cdk/aws-s3-assets": {
      "version": "1.117.0",
      "resolved": "https://registry.npmjs.org/@aws-cdk/aws-s3-assets/-/aws-s3-assets-1.117.0.tgz",
      "integrity": "sha512-jXRFal+M/Pp1lgQHdPHaUTsZP5GqaQw6cG9NR3syThnX+q2ntrTLgt2HYxrTCrpWIMzrb1wQt/HFzKGt/fv/Tw==",
      "requires": {
        "@aws-cdk/assets": "1.117.0",
        "@aws-cdk/aws-iam": "1.117.0",
        "@aws-cdk/aws-kms": "1.117.0",
        "@aws-cdk/aws-s3": "1.117.0",
        "@aws-cdk/core": "1.117.0",
        "@aws-cdk/cx-api": "1.117.0",
        "constructs": "^3.3.69"
      }
    },
    "@aws-cdk/aws-ssm": {
      "version": "1.117.0",
      "resolved": "https://registry.npmjs.org/@aws-cdk/aws-ssm/-/aws-ssm-1.117.0.tgz",
      "integrity": "sha512-oCUj+pBuLadFGDyDnGFJtcoB3bVYm2tLV2FBKH4qzdOlkhS+VkOkU55nYHhZHb7Kty2/p7A4mUmsG74Sikcg1Q==",
      "requires": {
        "@aws-cdk/aws-iam": "1.117.0",
        "@aws-cdk/aws-kms": "1.117.0",
        "@aws-cdk/cloud-assembly-schema": "1.117.0",
        "@aws-cdk/core": "1.117.0",
        "constructs": "^3.3.69"
      }
    },
    "@aws-cdk/cloud-assembly-schema": {
      "version": "1.117.0",
      "resolved": "https://registry.npmjs.org/@aws-cdk/cloud-assembly-schema/-/cloud-assembly-schema-1.117.0.tgz",
      "integrity": "sha512-Dj+R9FEjWu8ha/ZCVMWYrNNBbpp2dV0fhh2WOyo+OF99BJqiGtZLMye7T646Tj2EGzZBf0SGetB9nANpS+aE9A==",
      "requires": {
        "jsonschema": "^1.4.0",
        "semver": "^7.3.5"
      },
      "dependencies": {
        "jsonschema": {
          "version": "1.4.0",
          "bundled": true
        },
        "lru-cache": {
          "version": "6.0.0",
          "bundled": true,
          "requires": {
            "yallist": "^4.0.0"
          }
        },
        "semver": {
          "version": "7.3.5",
          "bundled": true,
          "requires": {
            "lru-cache": "^6.0.0"
          }
        },
        "yallist": {
          "version": "4.0.0",
          "bundled": true
        }
      }
    },
    "@aws-cdk/core": {
      "version": "1.117.0",
      "resolved": "https://registry.npmjs.org/@aws-cdk/core/-/core-1.117.0.tgz",
      "integrity": "sha512-xGtiy+v4Q1Zbm6Szdh9c70HtilW0ukwBZtJEx2o13HogYOXJTdoEviC0gLskYf2ENoLc8Nqkttd4Bq6IxskeJw==",
      "requires": {
        "@aws-cdk/cloud-assembly-schema": "1.117.0",
        "@aws-cdk/cx-api": "1.117.0",
        "@aws-cdk/region-info": "1.117.0",
        "@balena/dockerignore": "^1.0.2",
        "constructs": "^3.3.69",
        "fs-extra": "^9.1.0",
        "ignore": "^5.1.8",
        "minimatch": "^3.0.4"
      },
      "dependencies": {
        "@balena/dockerignore": {
          "version": "1.0.2",
          "bundled": true
        },
        "at-least-node": {
          "version": "1.0.0",
          "bundled": true
        },
        "balanced-match": {
          "version": "1.0.2",
          "bundled": true
        },
        "brace-expansion": {
          "version": "1.1.11",
          "bundled": true,
          "requires": {
            "balanced-match": "^1.0.0",
            "concat-map": "0.0.1"
          }
        },
        "concat-map": {
          "version": "0.0.1",
          "bundled": true
        },
        "fs-extra": {
          "version": "9.1.0",
          "bundled": true,
          "requires": {
            "at-least-node": "^1.0.0",
            "graceful-fs": "^4.2.0",
            "jsonfile": "^6.0.1",
            "universalify": "^2.0.0"
          }
        },
        "graceful-fs": {
          "version": "4.2.6",
          "bundled": true
        },
        "ignore": {
          "version": "5.1.8",
          "bundled": true
        },
        "jsonfile": {
          "version": "6.1.0",
          "bundled": true,
          "requires": {
            "graceful-fs": "^4.1.6",
            "universalify": "^2.0.0"
          }
        },
        "minimatch": {
          "version": "3.0.4",
          "bundled": true,
          "requires": {
            "brace-expansion": "^1.1.7"
          }
        },
        "universalify": {
          "version": "2.0.0",
          "bundled": true
        }
      }
    },
    "@aws-cdk/cx-api": {
      "version": "1.117.0",
      "resolved": "https://registry.npmjs.org/@aws-cdk/cx-api/-/cx-api-1.117.0.tgz",
      "integrity": "sha512-HsqZdyGhNZjhjp9+02xVAXz9omuEQOUSUzuK+mJGlJTykYXcwls86g240Aa/xmGps3ifPYY1Ezf53rL6T01DiQ==",
      "requires": {
        "@aws-cdk/cloud-assembly-schema": "1.117.0",
        "semver": "^7.3.5"
      },
      "dependencies": {
        "lru-cache": {
          "version": "6.0.0",
          "bundled": true,
          "requires": {
            "yallist": "^4.0.0"
          }
        },
        "semver": {
          "version": "7.3.5",
          "bundled": true,
          "requires": {
            "lru-cache": "^6.0.0"
          }
        },
        "yallist": {
          "version": "4.0.0",
          "bundled": true
        }
      }
    },
    "@aws-cdk/region-info": {
      "version": "1.117.0",
      "resolved": "https://registry.npmjs.org/@aws-cdk/region-info/-/region-info-1.117.0.tgz",
      "integrity": "sha512-wJATAS0xrrV7PFh4sbmK7Gox+TgQJRP1dCSPs3FOsbzasWWAHySIEXyTFAJIcrolBPcYqc5HJAJ/RDJl7h9Wmg=="
    },
    "@types/node": {
      "version": "16.4.13",
      "resolved": "https://registry.npmjs.org/@types/node/-/node-16.4.13.tgz",
      "integrity": "sha512-bLL69sKtd25w7p1nvg9pigE4gtKVpGTPojBFLMkGHXuUgap2sLqQt2qUnqmVCDfzGUL0DRNZP+1prIZJbMeAXg==",
      "dev": true
    },
    "constructs": {
      "version": "3.3.117",
      "resolved": "https://registry.npmjs.org/constructs/-/constructs-3.3.117.tgz",
      "integrity": "sha512-y5PVROPr7XFlz2/ZAXNHhkb8Y7HzJs4kBrUcjI5B5tbQz/YXsOmZV73AGRYDiUvMstqvpq+UOVBhL3zoA9vg7Q=="
    },
    "ip": {
      "version": "1.1.5",
      "resolved": "https://registry.npmjs.org/ip/-/ip-1.1.5.tgz",
      "integrity": "sha1-vd7XARQpCCjAoDnnLvJfWq7ENUo="
    },
    "typescript": {
      "version": "4.3.5",
      "resolved": "https://registry.npmjs.org/typescript/-/typescript-4.3.5.tgz",
      "integrity": "sha512-DqQgihaQ9cUrskJo9kIyW/+g0Vxsk8cDtZ52a3NGh0YNTfpUSArXSohyUGnvbPazEPLu398C0UxmKSOrPumUzA==",
      "dev": true
    }
  }
}
